
Microsoft Visual Studio Solution File, Format Version 12.00
# Visual Studio Version 17
VisualStudioVersion = 17.0.31903.59
MinimumVisualStudioVersion = 10.0.40219.1
Project("{2150E333-8FDC-42A3-9474-1A3956D46DE8}") = "src", "src", "{827E0CD3-B72D-47B6-A68D-7590B98EB39B}"
EndProject
Project("{FAE04EC0-301F-11D3-BF4B-00C04F79EFBC}") = "Layerlapse.Core", "src\Layerlapse.Core\Layerlapse.Core.csproj", "{1CF48C21-4104-42DA-AB4D-7096E7765884}"
EndProject
Project("{FAE04EC0-301F-11D3-BF4B-00C04F79EFBC}") = "Layerlapse.App", "src\Layerlapse.App\Layerlapse.App.csproj", "{20B901FC-D532-4418-8821-A034AF69802B}"
EndProject
Project("{2150E333-8FDC-42A3-9474-1A3956D46DE8}") = "tests", "tests", "{0AB3BF05-4346-4AA6-1389-037BE0695223}"
EndProject
Project("{FAE04EC0-301F-11D3-BF4B-00C04F79EFBC}") = "Layerlapse.Core.Tests", "tests\Layerlapse.Core.Tests\Layerlapse.Core.Tests.csproj", "{74CA9119-54AA-41DC-B343-97C3777439FD}"
EndProject
Project("{2150E333-8FDC-42A3-9474-1A3956D46DE8}") = "tools", "tools", "{07C2787E-EAC7-C090-1BA3-A61EC2A24D84}"
EndProject
Project("{FAE04EC0-301F-11D3-BF4B-00C04F79EFBC}") = "Layerlapse.Spike", "tools\Layerlapse.Spike\Layerlapse.Spike.csproj", "{901B4721-F68A-4264-9DEF-1901AE0F89A5}"
EndProject
Global
	GlobalSection(SolutionConfigurationPlatforms) = preSolution
		Debug|Any CPU = Debug|Any CPU
		Debug|x64 = Debug|x64
		Debug|x86 = Debug|x86
		Release|Any CPU = Release|Any CPU
		Release|x64 = Release|x64
		Release|x86 = Release|x86
	EndGlobalSection
	GlobalSection(ProjectConfigurationPlatforms) = postSolution
		{1CF48C21-4104-42DA-AB4D-7096E7765884}.Debug|Any CPU.ActiveCfg = Debug|Any CPU
		{1CF48C21-4104-42DA-AB4D-7096E7765884}.Debug|Any CPU.Build.0 = Debug|Any CPU
		{1CF48C21-4104-42DA-AB4D-7096E7765884}.Debug|x64.ActiveCfg = Debug|Any CPU
		{1CF48C21-4104-42DA-AB4D-7096E7765884}.Debug|x64.Build.0 = Debug|Any CPU
		{1CF48C21-4104-42DA-AB4D-7096E7765884}.Debug|x86.ActiveCfg = Debug|Any CPU
		{1CF48C21-4104-42DA-AB4D-7096E7765884}.Debug|x86.Build.0 = Debug|Any CPU
		{1CF48C21-4104-42DA-AB4D-7096E7765884}.Release|Any CPU.ActiveCfg = Release|Any CPU
		{1CF48C21-4104-42DA-AB4D-7096E7765884}.Release|Any CPU.Build.0 = Release|Any CPU
		{1CF48C21-4104-42DA-AB4D-7096E7765884}.Release|x64.ActiveCfg = Release|Any CPU
		{1CF48C21-4104-42DA-AB4D-7096E7765884}.Release|x64.Build.0 = Release|Any CPU
		{1CF48C21-4104-42DA-AB4D-7096E7765884}.Release|x86.ActiveCfg = Release|Any CPU
		{1CF48C21-4104-42DA-AB4D-7096E7765884}.Release|x86.Build.0 = Release|Any CPU
		{20B901FC-D532-4418-8821-A034AF69802B}.Debug|Any CPU.ActiveCfg = Debug|Any CPU
		{20B901FC-D532-4418-8821-A034AF69802B}.Debug|Any CPU.Build.0 = Debug|Any CPU
		{20B901FC-D532-4418-8821-A034AF69802B}.Debug|x64.ActiveCfg = Debug|Any CPU
		{20B901FC-D532-4418-8821-A034AF69802B}.Debug|x64.Build.0 = Debug|Any CPU
		{20B901FC-D532-4418-8821-A034AF69802B}.Debug|x86.ActiveCfg = Debug|Any CPU
		{20B901FC-D532-4418-8821-A034AF69802B}.Debug|x86.Build.0 = Debug|Any CPU
		{20B901FC-D532-4418-8821-A034AF69802B}.Release|Any CPU.ActiveCfg = Release|Any CPU
		{20B901FC-D532-4418-8821-A034AF69802B}.Release|Any CPU.Build.0 = Release|Any CPU
		{20B901FC-D532-4418-8821-A034AF69802B}.Release|x64.ActiveCfg = Release|Any CPU
		{20B901FC-D532-4418-8821-A034AF69802B}.Release|x64.Build.0 = Release|Any CPU
		{20B901FC-D532-4418-8821-A034AF69802B}.Release|x86.ActiveCfg = Release|Any CPU
		{20B901FC-D532-4418-8821-A034AF69802B}.Release|x86.Build.0 = Release|Any CPU
		{74CA9119-54AA-41DC-B343-97C3777439FD}.Debug|Any CPU.ActiveCfg = Debug|Any CPU
		{74CA9119-54AA-41DC-B343-97C3777439FD}.Debug|Any CPU.Build.0 = Debug|Any CPU
		{74CA9119-54AA-41DC-B343-97C3777439FD}.Debug|x64.ActiveCfg = Debug|Any CPU
		{74CA9119-54AA-41DC-B343-97C3777439FD}.Debug|x64.Build.0 = Debug|Any CPU
		{74CA9119-54AA-41DC-B343-97C3777439FD}.Debug|x86.ActiveCfg = Debug|Any CPU
		{74CA9119-54AA-41DC-B343-97C3777439FD}.Debug|x86.Build.0 = Debug|Any CPU
		{74CA9119-54AA-41DC-B343-97C3777439FD}.Release|Any CPU.ActiveCfg = Release|Any CPU
		{74CA9119-54AA-41DC-B343-97C3777439FD}.Release|Any CPU.Build.0 = Release|Any CPU
		{74CA9119-54AA-41DC-B343-97C3777439FD}.Release|x64.ActiveCfg = Release|Any CPU
		{74CA9119-54AA-41DC-B343-97C3777439FD}.Release|x64.Build.0 = Release|Any CPU
		{74CA9119-54AA-41DC-B343-97C3777439FD}.Release|x86.ActiveCfg = Release|Any CPU
		{74CA9119-54AA-41DC-B343-97C3777439FD}.Release|x86.Build.0 = Release|Any CPU
		{901B4721-F68A-4264-9DEF-1901AE0F89A5}.Debug|Any CPU.ActiveCfg = Debug|Any CPU
		{901B4721-F68A-4264-9DEF-1901AE0F89A5}.Debug|Any CPU.Build.0 = Debug|Any CPU
		{901B4721-F68A-4264-9DEF-1901AE0F89A5}.Debug|x64.ActiveCfg = Debug|Any CPU
		{901B4721-F68A-4264-9DEF-1901AE0F89A5}.Debug|x64.Build.0 = Debug|Any CPU
		{901B4721-F68A-4264-9DEF-1901AE0F89A5}.Debug|x86.ActiveCfg = Debug|Any CPU
		{901B4721-F68A-4264-9DEF-1901AE0F89A5}.Debug|x86.Build.0 = Debug|Any CPU
		{901B4721-F68A-4264-9DEF-1901AE0F89A5}.Release|Any CPU.ActiveCfg = Release|Any CPU
		{901B4721-F68A-4264-9DEF-1901AE0F89A5}.Release|Any CPU.Build.0 = Release|Any CPU
		{901B4721-F68A-4264-9DEF-1901AE0F89A5}.Release|x64.ActiveCfg = Release|Any CPU
		{901B4721-F68A-4264-9DEF-1901AE0F89A5}.Release|x64.Build.0 = Release|Any CPU
		{901B4721-F68A-4264-9DEF-1901AE0F89A5}.Release|x86.ActiveCfg = Release|Any CPU
		{901B4721-F68A-4264-9DEF-1901AE0F89A5}.Release|x86.Build.0 = Release|Any CPU
	EndGlobalSection
	GlobalSection(SolutionProperties) = preSolution
		HideSolutionNode = FALSE
	EndGlobalSection
	GlobalSection(NestedProjects) = preSolution
		{1CF48C21-4104-42DA-AB4D-7096E7765884} = {827E0CD3-B72D-47B6-A68D-7590B98EB39B}
		{20B901FC-D532-4418-8821-A034AF69802B} = {827E0CD3-B72D-47B6-A68D-7590B98EB39B}
		{74CA9119-54AA-41DC-B343-97C3777439FD} = {0AB3BF05-4346-4AA6-1389-037BE0695223}
		{901B4721-F68A-4264-9DEF-1901AE0F89A5} = {07C2787E-EAC7-C090-1BA3-A61EC2A24D84}
	EndGlobalSection
EndGlobal
